
Microsoft Visual Studio Solution File, Format Version 12.00
# Visual Studio Version 17
VisualStudioVersion = 17.7.33808.371
MinimumVisualStudioVersion = 10.0.40219.1
Project("{FAE04EC0-301F-11D3-BF4B-00C04F79EFBC}") = "NeomorphismSmartHomeApp.Android", "NeomorphismSmartHomeApp\NeomorphismSmartHomeApp.Android\NeomorphismSmartHomeApp.Android.csproj", "{003EAD11-EE85-4B9B-82B9-E0ADC2786A70}"
EndProject
Project("{FAE04EC0-301F-11D3-BF4B-00C04F79EFBC}") = "NeomorphismSmartHomeApp.iOS", "NeomorphismSmartHomeApp\NeomorphismSmartHomeApp.iOS\NeomorphismSmartHomeApp.iOS.csproj", "{D9384E3F-0DF5-431A-B691-91FD9456C7FE}"
EndProject
Project("{9A19103F-16F7-4668-BE54-9A1E7A4F7556}") = "NeomorphismSmartHomeApp", "NeomorphismSmartHomeApp\NeomorphismSmartHomeApp\NeomorphismSmartHomeApp.csproj", "{DEE16243-42BD-4E65-94F3-49A1E3549805}"
EndProject
Project("{FAE04EC0-301F-11D3-BF4B-00C04F79EFBC}") = "NeomorphismSmartHomeApp.UWP", "NeomorphismSmartHomeApp\NeomorphismSmartHomeApp.UWP\NeomorphismSmartHomeApp.UWP.csproj", "{20C32CA6-2CBD-423A-8840-71282B3271B9}"
EndProject
Project("{9A19103F-16F7-4668-BE54-9A1E7A4F7556}") = "Xamarin.Forms.NeoControls", "NeomorphismSmartHomeApp\Xamarin.Forms.NeoControls\Xamarin.Forms.NeoControls.csproj", "{F341C525-03F6-456D-B472-B010BD05EB35}"
EndProject
Global
	GlobalSection(SolutionConfigurationPlatforms) = preSolution
		Debug|Any CPU = Debug|Any CPU
		Debug|ARM = Debug|ARM
		Debug|iPhone = Debug|iPhone
		Debug|iPhoneSimulator = Debug|iPhoneSimulator
		Debug|x64 = Debug|x64
		Debug|x86 = Debug|x86
		Release|Any CPU = Release|Any CPU
		Release|ARM = Release|ARM
		Release|iPhone = Release|iPhone
		Release|iPhoneSimulator = Release|iPhoneSimulator
		Release|x64 = Release|x64
		Release|x86 = Release|x86
	EndGlobalSection
	GlobalSection(ProjectConfigurationPlatforms) = postSolution
		{003EAD11-EE85-4B9B-82B9-E0ADC2786A70}.Debug|Any CPU.ActiveCfg = Debug|Any CPU
		{003EAD11-EE85-4B9B-82B9-E0ADC2786A70}.Debug|Any CPU.Build.0 = Debug|Any CPU
		{003EAD11-EE85-4B9B-82B9-E0ADC2786A70}.Debug|Any CPU.Deploy.0 = Debug|Any CPU
		{003EAD11-EE85-4B9B-82B9-E0ADC2786A70}.Debug|ARM.ActiveCfg = Debug|Any CPU
		{003EAD11-EE85-4B9B-82B9-E0ADC2786A70}.Debug|ARM.Build.0 = Debug|Any CPU
		{003EAD11-EE85-4B9B-82B9-E0ADC2786A70}.Debug|ARM.Deploy.0 = Debug|Any CPU
		{003EAD11-EE85-4B9B-82B9-E0ADC2786A70}.Debug|iPhone.ActiveCfg = Debug|Any CPU
		{003EAD11-EE85-4B9B-82B9-E0ADC2786A70}.Debug|iPhone.Build.0 = Debug|Any CPU
		{003EAD11-EE85-4B9B-82B9-E0ADC2786A70}.Debug|iPhone.Deploy.0 = Debug|Any CPU
		{003EAD11-EE85-4B9B-82B9-E0ADC2786A70}.Debug|iPhoneSimulator.ActiveCfg = Debug|Any CPU
		{003EAD11-EE85-4B9B-82B9-E0ADC2786A70}.Debug|iPhoneSimulator.Build.0 = Debug|Any CPU
		{003EAD11-EE85-4B9B-82B9-E0ADC2786A70}.Debug|iPhoneSimulator.Deploy.0 = Debug|Any CPU
		{003EAD11-EE85-4B9B-82B9-E0ADC2786A70}.Debug|x64.ActiveCfg = Debug|Any CPU
		{003EAD11-EE85-4B9B-82B9-E0ADC2786A70}.Debug|x64.Build.0 = Debug|Any CPU
		{003EAD11-EE85-4B9B-82B9-E0ADC2786A70}.Debug|x64.Deploy.0 = Debug|Any CPU
		{003EAD11-EE85-4B9B-82B9-E0ADC2786A70}.Debug|x86.ActiveCfg = Debug|Any CPU
		{003EAD11-EE85-4B9B-82B9-E0ADC2786A70}.Debug|x86.Build.0 = Debug|Any CPU
		{003EAD11-EE85-4B9B-82B9-E0ADC2786A70}.Debug|x86.Deploy.0 = Debug|Any CPU
		{003EAD11-EE85-4B9B-82B9-E0ADC2786A70}.Release|Any CPU.ActiveCfg = Release|Any CPU
		{003EAD11-EE85-4B9B-82B9-E0ADC2786A70}.Release|Any CPU.Build.0 = Release|Any CPU
		{003EAD11-EE85-4B9B-82B9-E0ADC2786A70}.Release|Any CPU.Deploy.0 = Release|Any CPU
		{003EAD11-EE85-4B9B-82B9-E0ADC2786A70}.Release|ARM.ActiveCfg = Release|Any CPU
		{003EAD11-EE85-4B9B-82B9-E0ADC2786A70}.Release|ARM.Build.0 = Release|Any CPU
		{003EAD11-EE85-4B9B-82B9-E0ADC2786A70}.Release|ARM.Deploy.0 = Release|Any CPU
		{003EAD11-EE85-4B9B-82B9-E0ADC2786A70}.Release|iPhone.ActiveCfg = Release|Any CPU
		{003EAD11-EE85-4B9B-82B9-E0ADC2786A70}.Release|iPhone.Build.0 = Release|Any CPU
		{003EAD11-EE85-4B9B-82B9-E0ADC2786A70}.Release|iPhone.Deploy.0 = Release|Any CPU
		{003EAD11-EE85-4B9B-82B9-E0ADC2786A70}.Release|iPhoneSimulator.ActiveCfg = Release|Any CPU
		{003EAD11-EE85-4B9B-82B9-E0ADC2786A70}.Release|iPhoneSimulator.Build.0 = Release|Any CPU
		{003EAD11-EE85-4B9B-82B9-E0ADC2786A70}.Release|iPhoneSimulator.Deploy.0 = Release|Any CPU
		{003EAD11-EE85-4B9B-82B9-E0ADC2786A70}.Release|x64.ActiveCfg = Release|Any CPU
		{003EAD11-EE85-4B9B-82B9-E0ADC2786A70}.Release|x64.Build.0 = Release|Any CPU
		{003EAD11-EE85-4B9B-82B9-E0ADC2786A70}.Release|x64.Deploy.0 = Release|Any CPU
		{003EAD11-EE85-4B9B-82B9-E0ADC2786A70}.Release|x86.ActiveCfg = Release|Any CPU
		{003EAD11-EE85-4B9B-82B9-E0ADC2786A70}.Release|x86.Build.0 = Release|Any CPU
		{003EAD11-EE85-4B9B-82B9-E0ADC2786A70}.Release|x86.Deploy.0 = Release|Any CPU
		{D9384E3F-0DF5-431A-B691-91FD9456C7FE}.Debug|Any CPU.ActiveCfg = Debug|iPhone
		{D9384E3F-0DF5-431A-B691-91FD9456C7FE}.Debug|Any CPU.Build.0 = Debug|iPhone
		{D9384E3F-0DF5-431A-B691-91FD9456C7FE}.Debug|Any CPU.Deploy.0 = Debug|iPhone
		{D9384E3F-0DF5-431A-B691-91FD9456C7FE}.Debug|ARM.ActiveCfg = Debug|iPhoneSimulator
		{D9384E3F-0DF5-431A-B691-91FD9456C7FE}.Debug|ARM.Build.0 = Debug|iPhoneSimulator
		{D9384E3F-0DF5-431A-B691-91FD9456C7FE}.Debug|iPhone.ActiveCfg = Debug|iPhone
		{D9384E3F-0DF5-431A-B691-91FD9456C7FE}.Debug|iPhone.Build.0 = Debug|iPhone
		{D9384E3F-0DF5-431A-B691-91FD9456C7FE}.Debug|iPhone.Deploy.0 = Debug|iPhone
		{D9384E3F-0DF5-431A-B691-91FD9456C7FE}.Debug|iPhoneSimulator.ActiveCfg = Debug|iPhoneSimulator
		{D9384E3F-0DF5-431A-B691-91FD9456C7FE}.Debug|iPhoneSimulator.Build.0 = Debug|iPhoneSimulator
		{D9384E3F-0DF5-431A-B691-91FD9456C7FE}.Debug|iPhoneSimulator.Deploy.0 = Debug|iPhoneSimulator
		{D9384E3F-0DF5-431A-B691-91FD9456C7FE}.Debug|x64.ActiveCfg = Debug|iPhoneSimulator
		{D9384E3F-0DF5-431A-B691-91FD9456C7FE}.Debug|x64.Build.0 = Debug|iPhoneSimulator
		{D9384E3F-0DF5-431A-B691-91FD9456C7FE}.Debug|x86.ActiveCfg = Debug|iPhoneSimulator
		{D9384E3F-0DF5-431A-B691-91FD9456C7FE}.Debug|x86.Build.0 = Debug|iPhoneSimulator
		{D9384E3F-0DF5-431A-B691-91FD9456C7FE}.Release|Any CPU.ActiveCfg = Release|iPhone
		{D9384E3F-0DF5-431A-B691-91FD9456C7FE}.Release|Any CPU.Build.0 = Release|iPhone
		{D9384E3F-0DF5-431A-B691-91FD9456C7FE}.Release|Any CPU.Deploy.0 = Release|iPhone
		{D9384E3F-0DF5-431A-B691-91FD9456C7FE}.Release|ARM.ActiveCfg = Release|iPhoneSimulator
		{D9384E3F-0DF5-431A-B691-91FD9456C7FE}.Release|ARM.Build.0 = Release|iPhoneSimulator
		{D9384E3F-0DF5-431A-B691-91FD9456C7FE}.Release|iPhone.ActiveCfg = Release|iPhone
		{D9384E3F-0DF5-431A-B691-91FD9456C7FE}.Release|iPhone.Build.0 = Release|iPhone
		{D9384E3F-0DF5-431A-B691-91FD9456C7FE}.Release|iPhone.Deploy.0 = Release|iPhone
		{D9384E3F-0DF5-431A-B691-91FD9456C7FE}.Release|iPhoneSimulator.ActiveCfg = Release|iPhoneSimulator
		{D9384E3F-0DF5-431A-B691-91FD9456C7FE}.Release|iPhoneSimulator.Build.0 = Release|iPhoneSimulator
		{D9384E3F-0DF5-431A-B691-91FD9456C7FE}.Release|iPhoneSimulator.Deploy.0 = Release|iPhoneSimulator
		{D9384E3F-0DF5-431A-B691-91FD9456C7FE}.Release|x64.ActiveCfg = Release|iPhoneSimulator
		{D9384E3F-0DF5-431A-B691-91FD9456C7FE}.Release|x64.Build.0 = Release|iPhoneSimulator
		{D9384E3F-0DF5-431A-B691-91FD9456C7FE}.Release|x86.ActiveCfg = Release|iPhoneSimulator
		{D9384E3F-0DF5-431A-B691-91FD9456C7FE}.Release|x86.Build.0 = Release|iPhoneSimulator
		{DEE16243-42BD-4E65-94F3-49A1E3549805}.Debug|Any CPU.ActiveCfg = Debug|Any CPU
		{DEE16243-42BD-4E65-94F3-49A1E3549805}.Debug|Any CPU.Build.0 = Debug|Any CPU
		{DEE16243-42BD-4E65-94F3-49A1E3549805}.Debug|Any CPU.Deploy.0 = Debug|Any CPU
		{DEE16243-42BD-4E65-94F3-49A1E3549805}.Debug|ARM.ActiveCfg = Debug|Any CPU
		{DEE16243-42BD-4E65-94F3-49A1E3549805}.Debug|ARM.Build.0 = Debug|Any CPU
		{DEE16243-42BD-4E65-94F3-49A1E3549805}.Debug|iPhone.ActiveCfg = Debug|Any CPU
		{DEE16243-42BD-4E65-94F3-49A1E3549805}.Debug|iPhone.Build.0 = Debug|Any CPU
		{DEE16243-42BD-4E65-94F3-49A1E3549805}.Debug|iPhone.Deploy.0 = Debug|Any CPU
		{DEE16243-42BD-4E65-94F3-49A1E3549805}.Debug|iPhoneSimulator.ActiveCfg = Debug|Any CPU
		{DEE16243-42BD-4E65-94F3-49A1E3549805}.Debug|iPhoneSimulator.Build.0 = Debug|Any CPU
		{DEE16243-42BD-4E65-94F3-49A1E3549805}.Debug|iPhoneSimulator.Deploy.0 = Debug|Any CPU
		{DEE16243-42BD-4E65-94F3-49A1E3549805}.Debug|x64.ActiveCfg = Debug|Any CPU
		{DEE16243-42BD-4E65-94F3-49A1E3549805}.Debug|x64.Build.0 = Debug|Any CPU
		{DEE16243-42BD-4E65-94F3-49A1E3549805}.Debug|x86.ActiveCfg = Debug|Any CPU
		{DEE16243-42BD-4E65-94F3-49A1E3549805}.Debug|x86.Build.0 = Debug|Any CPU
		{DEE16243-42BD-4E65-94F3-49A1E3549805}.Release|Any CPU.ActiveCfg = Release|Any CPU
		{DEE16243-42BD-4E65-94F3-49A1E3549805}.Release|Any CPU.Build.0 = Release|Any CPU
		{DEE16243-42BD-4E65-94F3-49A1E3549805}.Release|Any CPU.Deploy.0 = Release|Any CPU
		{DEE16243-42BD-4E65-94F3-49A1E3549805}.Release|ARM.ActiveCfg = Release|Any CPU
		{DEE16243-42BD-4E65-94F3-49A1E3549805}.Release|ARM.Build.0 = Release|Any CPU
		{DEE16243-42BD-4E65-94F3-49A1E3549805}.Release|iPhone.ActiveCfg = Release|Any CPU
		{DEE16243-42BD-4E65-94F3-49A1E3549805}.Release|iPhone.Build.0 = Release|Any CPU
		{DEE16243-42BD-4E65-94F3-49A1E3549805}.Release|iPhone.Deploy.0 = Release|Any CPU
		{DEE16243-42BD-4E65-94F3-49A1E3549805}.Release|iPhoneSimulator.ActiveCfg = Release|Any CPU
		{DEE16243-42BD-4E65-94F3-49A1E3549805}.Release|iPhoneSimulator.Build.0 = Release|Any CPU
		{DEE16243-42BD-4E65-94F3-49A1E3549805}.Release|iPhoneSimulator.Deploy.0 = Release|Any CPU
		{DEE16243-42BD-4E65-94F3-49A1E3549805}.Release|x64.ActiveCfg = Release|Any CPU
		{DEE16243-42BD-4E65-94F3-49A1E3549805}.Release|x64.Build.0 = Release|Any CPU
		{DEE16243-42BD-4E65-94F3-49A1E3549805}.Release|x86.ActiveCfg = Release|Any CPU
		{DEE16243-42BD-4E65-94F3-49A1E3549805}.Release|x86.Build.0 = Release|Any CPU
		{20C32CA6-2CBD-423A-8840-71282B3271B9}.Debug|Any CPU.ActiveCfg = Debug|x64
		{20C32CA6-2CBD-423A-8840-71282B3271B9}.Debug|Any CPU.Build.0 = Debug|x64
		{20C32CA6-2CBD-423A-8840-71282B3271B9}.Debug|Any CPU.Deploy.0 = Debug|x64
		{20C32CA6-2CBD-423A-8840-71282B3271B9}.Debug|ARM.ActiveCfg = Debug|ARM
		{20C32CA6-2CBD-423A-8840-71282B3271B9}.Debug|ARM.Build.0 = Debug|ARM
		{20C32CA6-2CBD-423A-8840-71282B3271B9}.Debug|ARM.Deploy.0 = Debug|ARM
		{20C32CA6-2CBD-423A-8840-71282B3271B9}.Debug|iPhone.ActiveCfg = Debug|x64
		{20C32CA6-2CBD-423A-8840-71282B3271B9}.Debug|iPhone.Build.0 = Debug|x64
		{20C32CA6-2CBD-423A-8840-71282B3271B9}.Debug|iPhone.Deploy.0 = Debug|x64
		{20C32CA6-2CBD-423A-8840-71282B3271B9}.Debug|iPhoneSimulator.ActiveCfg = Debug|x64
		{20C32CA6-2CBD-423A-8840-71282B3271B9}.Debug|iPhoneSimulator.Build.0 = Debug|x64
		{20C32CA6-2CBD-423A-8840-71282B3271B9}.Debug|iPhoneSimulator.Deploy.0 = Debug|x64
		{20C32CA6-2CBD-423A-8840-71282B3271B9}.Debug|x64.ActiveCfg = Debug|x64
		{20C32CA6-2CBD-423A-8840-71282B3271B9}.Debug|x64.Build.0 = Debug|x64
		{20C32CA6-2CBD-423A-8840-71282B3271B9}.Debug|x64.Deploy.0 = Debug|x64
		{20C32CA6-2CBD-423A-8840-71282B3271B9}.Debug|x86.ActiveCfg = Debug|x86
		{20C32CA6-2CBD-423A-8840-71282B3271B9}.Debug|x86.Build.0 = Debug|x86
		{20C32CA6-2CBD-423A-8840-71282B3271B9}.Debug|x86.Deploy.0 = Debug|x86
		{20C32CA6-2CBD-423A-8840-71282B3271B9}.Release|Any CPU.ActiveCfg = Release|x64
		{20C32CA6-2CBD-423A-8840-71282B3271B9}.Release|Any CPU.Build.0 = Release|x64
		{20C32CA6-2CBD-423A-8840-71282B3271B9}.Release|Any CPU.Deploy.0 = Release|x64
		{20C32CA6-2CBD-423A-8840-71282B3271B9}.Release|ARM.ActiveCfg = Release|ARM
		{20C32CA6-2CBD-423A-8840-71282B3271B9}.Release|ARM.Build.0 = Release|ARM
		{20C32CA6-2CBD-423A-8840-71282B3271B9}.Release|ARM.Deploy.0 = Release|ARM
		{20C32CA6-2CBD-423A-8840-71282B3271B9}.Release|iPhone.ActiveCfg = Release|x64
		{20C32CA6-2CBD-423A-8840-71282B3271B9}.Release|iPhone.Build.0 = Release|x64
		{20C32CA6-2CBD-423A-8840-71282B3271B9}.Release|iPhone.Deploy.0 = Release|x64
		{20C32CA6-2CBD-423A-8840-71282B3271B9}.Release|iPhoneSimulator.ActiveCfg = Release|x64
		{20C32CA6-2CBD-423A-8840-71282B3271B9}.Release|iPhoneSimulator.Build.0 = Release|x64
		{20C32CA6-2CBD-423A-8840-71282B3271B9}.Release|iPhoneSimulator.Deploy.0 = Release|x64
		{20C32CA6-2CBD-423A-8840-71282B3271B9}.Release|x64.ActiveCfg = Release|x64
		{20C32CA6-2CBD-423A-8840-71282B3271B9}.Release|x64.Build.0 = Release|x64
		{20C32CA6-2CBD-423A-8840-71282B3271B9}.Release|x64.Deploy.0 = Release|x64
		{20C32CA6-2CBD-423A-8840-71282B3271B9}.Release|x86.ActiveCfg = Release|x86
		{20C32CA6-2CBD-423A-8840-71282B3271B9}.Release|x86.Build.0 = Release|x86
		{20C32CA6-2CBD-423A-8840-71282B3271B9}.Release|x86.Deploy.0 = Release|x86
		{F341C525-03F6-456D-B472-B010BD05EB35}.Debug|Any CPU.ActiveCfg = Debug|Any CPU
		{F341C525-03F6-456D-B472-B010BD05EB35}.Debug|Any CPU.Build.0 = Debug|Any CPU
		{F341C525-03F6-456D-B472-B010BD05EB35}.Debug|ARM.ActiveCfg = Debug|Any CPU
		{F341C525-03F6-456D-B472-B010BD05EB35}.Debug|ARM.Build.0 = Debug|Any CPU
		{F341C525-03F6-456D-B472-B010BD05EB35}.Debug|iPhone.ActiveCfg = Debug|Any CPU
		{F341C525-03F6-456D-B472-B010BD05EB35}.Debug|iPhone.Build.0 = Debug|Any CPU
		{F341C525-03F6-456D-B472-B010BD05EB35}.Debug|iPhoneSimulator.ActiveCfg = Debug|Any CPU
		{F341C525-03F6-456D-B472-B010BD05EB35}.Debug|iPhoneSimulator.Build.0 = Debug|Any CPU
		{F341C525-03F6-456D-B472-B010BD05EB35}.Debug|x64.ActiveCfg = Debug|Any CPU
		{F341C525-03F6-456D-B472-B010BD05EB35}.Debug|x64.Build.0 = Debug|Any CPU
		{F341C525-03F6-456D-B472-B010BD05EB35}.Debug|x86.ActiveCfg = Debug|Any CPU
		{F341C525-03F6-456D-B472-B010BD05EB35}.Debug|x86.Build.0 = Debug|Any CPU
		{F341C525-03F6-456D-B472-B010BD05EB35}.Release|Any CPU.ActiveCfg = Release|Any CPU
		{F341C525-03F6-456D-B472-B010BD05EB35}.Release|Any CPU.Build.0 = Release|Any CPU
		{F341C525-03F6-456D-B472-B010BD05EB35}.Release|ARM.ActiveCfg = Release|Any CPU
		{F341C525-03F6-456D-B472-B010BD05EB35}.Release|ARM.Build.0 = Release|Any CPU
		{F341C525-03F6-456D-B472-B010BD05EB35}.Release|iPhone.ActiveCfg = Release|Any CPU
		{F341C525-03F6-456D-B472-B010BD05EB35}.Release|iPhone.Build.0 = Release|Any CPU
		{F341C525-03F6-456D-B472-B010BD05EB35}.Release|iPhoneSimulator.ActiveCfg = Release|Any CPU
		{F341C525-03F6-456D-B472-B010BD05EB35}.Release|iPhoneSimulator.Build.0 = Release|Any CPU
		{F341C525-03F6-456D-B472-B010BD05EB35}.Release|x64.ActiveCfg = Release|Any CPU
		{F341C525-03F6-456D-B472-B010BD05EB35}.Release|x64.Build.0 = Release|Any CPU
		{F341C525-03F6-456D-B472-B010BD05EB35}.Release|x86.ActiveCfg = Release|Any CPU
		{F341C525-03F6-456D-B472-B010BD05EB35}.Release|x86.Build.0 = Release|Any CPU
	EndGlobalSection
	GlobalSection(SolutionProperties) = preSolution
		HideSolutionNode = FALSE
	EndGlobalSection
	GlobalSection(ExtensibilityGlobals) = postSolution
		SolutionGuid = {4BEC58B8-E55A-4DC6-892A-00918AE1C18E}
	EndGlobalSection
EndGlobal
